
Microsoft Visual Studio Solution File, Format Version 12.00
# Visual Studio Version 17
VisualStudioVersion = 17.5.002.0
MinimumVisualStudioVersion = 10.0.40219.1
Project("{2150E333-8FDC-42A3-9474-1A3956D46DE8}") = "src", "src", "{80689D98-6E8B-4D9D-B776-8F84C822F8BD}"
EndProject
Project("{2150E333-8FDC-42A3-9474-1A3956D46DE8}") = "BuildingBlocks", "BuildingBlocks", "{98B40947-F567-4543-9F55-29BC42E0D110}"
EndProject
Project("{9A19103F-16F7-4668-BE54-9A1E7A4F7556}") = "Core", "src\BuildingBlocks\Core\Core.csproj", "{FFBC9C31-53CE-49AF-991B-186E71DCD8AA}"
EndProject
Project("{2150E333-8FDC-42A3-9474-1A3956D46DE8}") = "Catalog", "Catalog", "{494356AE-B09D-4252-A041-734EB645DAA7}"
EndProject
Project("{9A19103F-16F7-4668-BE54-9A1E7A4F7556}") = "API", "src\Catalog\Catalog.API\API.csproj", "{A62BD571-DBE9-40F0-9471-28607A94150E}"
EndProject
Project("{9A19103F-16F7-4668-BE54-9A1E7A4F7556}") = "Application", "src\Catalog\Catalog.Application\Application.csproj", "{E1445210-3474-43EA-8DA0-831D8C877E5D}"
EndProject
Project("{9A19103F-16F7-4668-BE54-9A1E7A4F7556}") = "Domain", "src\Catalog\Catalog.Domain\Domain.csproj", "{4F9ABD4D-FF2C-4C99-8D46-EA7447B1DBA7}"
EndProject
Project("{9A19103F-16F7-4668-BE54-9A1E7A4F7556}") = "Infra", "src\Catalog\Catalog.Infra\Infra.csproj", "{1FA957A6-4830-4F7F-9C1A-FC1D8093845B}"
EndProject
Project("{2150E333-8FDC-42A3-9474-1A3956D46DE8}") = "Organising", "Organising", "{5D1B8DDB-A058-47C7-98D1-EBDCF60C425F}"
EndProject
Project("{9A19103F-16F7-4668-BE54-9A1E7A4F7556}") = "API", "src\Organising\Organising.API\API.csproj", "{E193DFD1-08C7-4E0D-83E1-5F69EB4F10E7}"
EndProject
Project("{9A19103F-16F7-4668-BE54-9A1E7A4F7556}") = "Application", "src\Organising\Organising.Application\Application.csproj", "{348C2071-5CD5-4C96-98E7-B1E1BAC495F3}"
EndProject
Project("{9A19103F-16F7-4668-BE54-9A1E7A4F7556}") = "Domain", "src\Organising\Organising.Domain\Domain.csproj", "{07C8E230-D84B-4B80-AAA1-4821303432E7}"
EndProject
Project("{9A19103F-16F7-4668-BE54-9A1E7A4F7556}") = "Infra", "src\Organising\Organising.Infra\Infra.csproj", "{2CE7F85E-1EFF-40A1-B535-AD8D96F8365B}"
EndProject
Project("{2150E333-8FDC-42A3-9474-1A3956D46DE8}") = "Catalog.Tests", "Catalog.Tests", "{F700D014-8DC0-4B04-9CD7-7E12DB4EAA38}"
EndProject
Project("{9A19103F-16F7-4668-BE54-9A1E7A4F7556}") = "Domain.Tests", "src\Catalog\Catalog.Tests\Domain.Tests\Domain.Tests.csproj", "{3FBDFAAB-2441-49A3-912B-C4AAB1ECDFCE}"
EndProject
Global
	GlobalSection(SolutionConfigurationPlatforms) = preSolution
		Debug|Any CPU = Debug|Any CPU
		Release|Any CPU = Release|Any CPU
	EndGlobalSection
	GlobalSection(ProjectConfigurationPlatforms) = postSolution
		{FFBC9C31-53CE-49AF-991B-186E71DCD8AA}.Debug|Any CPU.ActiveCfg = Debug|Any CPU
		{FFBC9C31-53CE-49AF-991B-186E71DCD8AA}.Debug|Any CPU.Build.0 = Debug|Any CPU
		{FFBC9C31-53CE-49AF-991B-186E71DCD8AA}.Release|Any CPU.ActiveCfg = Release|Any CPU
		{FFBC9C31-53CE-49AF-991B-186E71DCD8AA}.Release|Any CPU.Build.0 = Release|Any CPU
		{A62BD571-DBE9-40F0-9471-28607A94150E}.Debug|Any CPU.ActiveCfg = Debug|Any CPU
		{A62BD571-DBE9-40F0-9471-28607A94150E}.Debug|Any CPU.Build.0 = Debug|Any CPU
		{A62BD571-DBE9-40F0-9471-28607A94150E}.Release|Any CPU.ActiveCfg = Release|Any CPU
		{A62BD571-DBE9-40F0-9471-28607A94150E}.Release|Any CPU.Build.0 = Release|Any CPU
		{E1445210-3474-43EA-8DA0-831D8C877E5D}.Debug|Any CPU.ActiveCfg = Debug|Any CPU
		{E1445210-3474-43EA-8DA0-831D8C877E5D}.Debug|Any CPU.Build.0 = Debug|Any CPU
		{E1445210-3474-43EA-8DA0-831D8C877E5D}.Release|Any CPU.ActiveCfg = Release|Any CPU
		{E1445210-3474-43EA-8DA0-831D8C877E5D}.Release|Any CPU.Build.0 = Release|Any CPU
		{4F9ABD4D-FF2C-4C99-8D46-EA7447B1DBA7}.Debug|Any CPU.ActiveCfg = Debug|Any CPU
		{4F9ABD4D-FF2C-4C99-8D46-EA7447B1DBA7}.Debug|Any CPU.Build.0 = Debug|Any CPU
		{4F9ABD4D-FF2C-4C99-8D46-EA7447B1DBA7}.Release|Any CPU.ActiveCfg = Release|Any CPU
		{4F9ABD4D-FF2C-4C99-8D46-EA7447B1DBA7}.Release|Any CPU.Build.0 = Release|Any CPU
		{1FA957A6-4830-4F7F-9C1A-FC1D8093845B}.Debug|Any CPU.ActiveCfg = Debug|Any CPU
		{1FA957A6-4830-4F7F-9C1A-FC1D8093845B}.Debug|Any CPU.Build.0 = Debug|Any CPU
		{1FA957A6-4830-4F7F-9C1A-FC1D8093845B}.Release|Any CPU.ActiveCfg = Release|Any CPU
		{1FA957A6-4830-4F7F-9C1A-FC1D8093845B}.Release|Any CPU.Build.0 = Release|Any CPU
		{E193DFD1-08C7-4E0D-83E1-5F69EB4F10E7}.Debug|Any CPU.ActiveCfg = Debug|Any CPU
		{E193DFD1-08C7-4E0D-83E1-5F69EB4F10E7}.Debug|Any CPU.Build.0 = Debug|Any CPU
		{E193DFD1-08C7-4E0D-83E1-5F69EB4F10E7}.Release|Any CPU.ActiveCfg = Release|Any CPU
		{E193DFD1-08C7-4E0D-83E1-5F69EB4F10E7}.Release|Any CPU.Build.0 = Release|Any CPU
		{348C2071-5CD5-4C96-98E7-B1E1BAC495F3}.Debug|Any CPU.ActiveCfg = Debug|Any CPU
		{348C2071-5CD5-4C96-98E7-B1E1BAC495F3}.Debug|Any CPU.Build.0 = Debug|Any CPU
		{348C2071-5CD5-4C96-98E7-B1E1BAC495F3}.Release|Any CPU.ActiveCfg = Release|Any CPU
		{348C2071-5CD5-4C96-98E7-B1E1BAC495F3}.Release|Any CPU.Build.0 = Release|Any CPU
		{07C8E230-D84B-4B80-AAA1-4821303432E7}.Debug|Any CPU.ActiveCfg = Debug|Any CPU
		{07C8E230-D84B-4B80-AAA1-4821303432E7}.Debug|Any CPU.Build.0 = Debug|Any CPU
		{07C8E230-D84B-4B80-AAA1-4821303432E7}.Release|Any CPU.ActiveCfg = Release|Any CPU
		{07C8E230-D84B-4B80-AAA1-4821303432E7}.Release|Any CPU.Build.0 = Release|Any CPU
		{2CE7F85E-1EFF-40A1-B535-AD8D96F8365B}.Debug|Any CPU.ActiveCfg = Debug|Any CPU
		{2CE7F85E-1EFF-40A1-B535-AD8D96F8365B}.Debug|Any CPU.Build.0 = Debug|Any CPU
		{2CE7F85E-1EFF-40A1-B535-AD8D96F8365B}.Release|Any CPU.ActiveCfg = Release|Any CPU
		{2CE7F85E-1EFF-40A1-B535-AD8D96F8365B}.Release|Any CPU.Build.0 = Release|Any CPU
		{3FBDFAAB-2441-49A3-912B-C4AAB1ECDFCE}.Debug|Any CPU.ActiveCfg = Debug|Any CPU
		{3FBDFAAB-2441-49A3-912B-C4AAB1ECDFCE}.Debug|Any CPU.Build.0 = Debug|Any CPU
		{3FBDFAAB-2441-49A3-912B-C4AAB1ECDFCE}.Release|Any CPU.ActiveCfg = Release|Any CPU
		{3FBDFAAB-2441-49A3-912B-C4AAB1ECDFCE}.Release|Any CPU.Build.0 = Release|Any CPU
	EndGlobalSection
	GlobalSection(SolutionProperties) = preSolution
		HideSolutionNode = FALSE
	EndGlobalSection
	GlobalSection(NestedProjects) = preSolution
		{98B40947-F567-4543-9F55-29BC42E0D110} = {80689D98-6E8B-4D9D-B776-8F84C822F8BD}
		{FFBC9C31-53CE-49AF-991B-186E71DCD8AA} = {98B40947-F567-4543-9F55-29BC42E0D110}
		{494356AE-B09D-4252-A041-734EB645DAA7} = {80689D98-6E8B-4D9D-B776-8F84C822F8BD}
		{A62BD571-DBE9-40F0-9471-28607A94150E} = {494356AE-B09D-4252-A041-734EB645DAA7}
		{E1445210-3474-43EA-8DA0-831D8C877E5D} = {494356AE-B09D-4252-A041-734EB645DAA7}
		{4F9ABD4D-FF2C-4C99-8D46-EA7447B1DBA7} = {494356AE-B09D-4252-A041-734EB645DAA7}
		{1FA957A6-4830-4F7F-9C1A-FC1D8093845B} = {494356AE-B09D-4252-A041-734EB645DAA7}
		{5D1B8DDB-A058-47C7-98D1-EBDCF60C425F} = {80689D98-6E8B-4D9D-B776-8F84C822F8BD}
		{E193DFD1-08C7-4E0D-83E1-5F69EB4F10E7} = {5D1B8DDB-A058-47C7-98D1-EBDCF60C425F}
		{348C2071-5CD5-4C96-98E7-B1E1BAC495F3} = {5D1B8DDB-A058-47C7-98D1-EBDCF60C425F}
		{07C8E230-D84B-4B80-AAA1-4821303432E7} = {5D1B8DDB-A058-47C7-98D1-EBDCF60C425F}
		{2CE7F85E-1EFF-40A1-B535-AD8D96F8365B} = {5D1B8DDB-A058-47C7-98D1-EBDCF60C425F}
		{F700D014-8DC0-4B04-9CD7-7E12DB4EAA38} = {494356AE-B09D-4252-A041-734EB645DAA7}
		{3FBDFAAB-2441-49A3-912B-C4AAB1ECDFCE} = {F700D014-8DC0-4B04-9CD7-7E12DB4EAA38}
	EndGlobalSection
	GlobalSection(ExtensibilityGlobals) = postSolution
		SolutionGuid = {9BADB071-9238-45F9-B3CE-FFEBAF92DD14}
	EndGlobalSection
EndGlobal
