
Microsoft Visual Studio Solution File, Format Version 12.00
# Visual Studio Version 17
VisualStudioVersion = 17.0.31903.59
MinimumVisualStudioVersion = 10.0.40219.1
Project("{2150E333-8FDC-42A3-9474-1A3956D46DE8}") = "src", "src", "{9DABF0A6-90B9-494A-8BF5-FE9BBF3D112D}"
EndProject
Project("{2150E333-8FDC-42A3-9474-1A3956D46DE8}") = "BuildingBlocks", "BuildingBlocks", "{03B20D28-6238-400C-AF38-245BDB2D3742}"
EndProject
Project("{FAE04EC0-301F-11D3-BF4B-00C04F79EFBC}") = "Core", "src\BuildingBlocks\Core\Core.csproj", "{BB35CEB8-A11F-42EE-A36A-F3590F027603}"
EndProject
Project("{2150E333-8FDC-42A3-9474-1A3956D46DE8}") = "TicketStore", "TicketStore", "{516AC2D0-4154-4039-AF85-66738784C9E9}"
EndProject
Project("{FAE04EC0-301F-11D3-BF4B-00C04F79EFBC}") = "API", "src\TicketStore\API\API.csproj", "{D9856CC7-6C1E-459F-9987-54BDE91BD811}"
EndProject
Project("{FAE04EC0-301F-11D3-BF4B-00C04F79EFBC}") = "Application", "src\TicketStore\Application\Application.csproj", "{70CF2544-423C-45BD-ABDD-BDAC4DD9640B}"
EndProject
Project("{FAE04EC0-301F-11D3-BF4B-00C04F79EFBC}") = "Domain", "src\TicketStore\Domain\Domain.csproj", "{378264D9-40A5-47B1-A96E-27C149468006}"
EndProject
Project("{FAE04EC0-301F-11D3-BF4B-00C04F79EFBC}") = "Infra", "src\TicketStore\Infra\Infra.csproj", "{40983DFA-3E66-44A9-9A55-4AEDAED2BEFE}"
EndProject
Global
	GlobalSection(SolutionConfigurationPlatforms) = preSolution
		Debug|Any CPU = Debug|Any CPU
		Release|Any CPU = Release|Any CPU
	EndGlobalSection
	GlobalSection(SolutionProperties) = preSolution
		HideSolutionNode = FALSE
	EndGlobalSection
	GlobalSection(ProjectConfigurationPlatforms) = postSolution
		{BB35CEB8-A11F-42EE-A36A-F3590F027603}.Debug|Any CPU.ActiveCfg = Debug|Any CPU
		{BB35CEB8-A11F-42EE-A36A-F3590F027603}.Debug|Any CPU.Build.0 = Debug|Any CPU
		{BB35CEB8-A11F-42EE-A36A-F3590F027603}.Release|Any CPU.ActiveCfg = Release|Any CPU
		{BB35CEB8-A11F-42EE-A36A-F3590F027603}.Release|Any CPU.Build.0 = Release|Any CPU
		{D9856CC7-6C1E-459F-9987-54BDE91BD811}.Debug|Any CPU.ActiveCfg = Debug|Any CPU
		{D9856CC7-6C1E-459F-9987-54BDE91BD811}.Debug|Any CPU.Build.0 = Debug|Any CPU
		{D9856CC7-6C1E-459F-9987-54BDE91BD811}.Release|Any CPU.ActiveCfg = Release|Any CPU
		{D9856CC7-6C1E-459F-9987-54BDE91BD811}.Release|Any CPU.Build.0 = Release|Any CPU
		{70CF2544-423C-45BD-ABDD-BDAC4DD9640B}.Debug|Any CPU.ActiveCfg = Debug|Any CPU
		{70CF2544-423C-45BD-ABDD-BDAC4DD9640B}.Debug|Any CPU.Build.0 = Debug|Any CPU
		{70CF2544-423C-45BD-ABDD-BDAC4DD9640B}.Release|Any CPU.ActiveCfg = Release|Any CPU
		{70CF2544-423C-45BD-ABDD-BDAC4DD9640B}.Release|Any CPU.Build.0 = Release|Any CPU
		{378264D9-40A5-47B1-A96E-27C149468006}.Debug|Any CPU.ActiveCfg = Debug|Any CPU
		{378264D9-40A5-47B1-A96E-27C149468006}.Debug|Any CPU.Build.0 = Debug|Any CPU
		{378264D9-40A5-47B1-A96E-27C149468006}.Release|Any CPU.ActiveCfg = Release|Any CPU
		{378264D9-40A5-47B1-A96E-27C149468006}.Release|Any CPU.Build.0 = Release|Any CPU
		{40983DFA-3E66-44A9-9A55-4AEDAED2BEFE}.Debug|Any CPU.ActiveCfg = Debug|Any CPU
		{40983DFA-3E66-44A9-9A55-4AEDAED2BEFE}.Debug|Any CPU.Build.0 = Debug|Any CPU
		{40983DFA-3E66-44A9-9A55-4AEDAED2BEFE}.Release|Any CPU.ActiveCfg = Release|Any CPU
		{40983DFA-3E66-44A9-9A55-4AEDAED2BEFE}.Release|Any CPU.Build.0 = Release|Any CPU
	EndGlobalSection
	GlobalSection(NestedProjects) = preSolution
		{03B20D28-6238-400C-AF38-245BDB2D3742} = {9DABF0A6-90B9-494A-8BF5-FE9BBF3D112D}
		{BB35CEB8-A11F-42EE-A36A-F3590F027603} = {03B20D28-6238-400C-AF38-245BDB2D3742}
		{516AC2D0-4154-4039-AF85-66738784C9E9} = {9DABF0A6-90B9-494A-8BF5-FE9BBF3D112D}
		{D9856CC7-6C1E-459F-9987-54BDE91BD811} = {516AC2D0-4154-4039-AF85-66738784C9E9}
		{70CF2544-423C-45BD-ABDD-BDAC4DD9640B} = {516AC2D0-4154-4039-AF85-66738784C9E9}
		{378264D9-40A5-47B1-A96E-27C149468006} = {516AC2D0-4154-4039-AF85-66738784C9E9}
		{40983DFA-3E66-44A9-9A55-4AEDAED2BEFE} = {516AC2D0-4154-4039-AF85-66738784C9E9}
	EndGlobalSection
EndGlobal
