
Microsoft Visual Studio Solution File, Format Version 12.00
# Visual Studio Version 17
VisualStudioVersion = 17.0.31903.59
MinimumVisualStudioVersion = 10.0.40219.1
Project("{2150E333-8FDC-42A3-9474-1A3956D46DE8}") = "src", "src", "{7FA898A0-1B53-4A38-B6CC-82059A83E04E}"
EndProject
Project("{2150E333-8FDC-42A3-9474-1A3956D46DE8}") = "BuildingBlocks", "BuildingBlocks", "{05998220-291F-4078-B2D0-E2CE85877213}"
EndProject
Project("{FAE04EC0-301F-11D3-BF4B-00C04F79EFBC}") = "Core", "src\BuildingBlocks\Core\Core.csproj", "{C61CBB8B-5430-417B-BE03-D745A2F7A5E1}"
EndProject
Project("{FAE04EC0-301F-11D3-BF4B-00C04F79EFBC}") = "Contracts", "src\BuildingBlocks\Contracts\Contracts.csproj", "{2528E89C-C6F8-4232-8CAE-281AA38354E1}"
EndProject
Project("{FAE04EC0-301F-11D3-BF4B-00C04F79EFBC}") = "MessageBus", "src\BuildingBlocks\MessageBus\MessageBus.csproj", "{4FCD0902-3000-4AA6-B962-5791AA2C5AC4}"
EndProject
Project("{2150E333-8FDC-42A3-9474-1A3956D46DE8}") = "Promoter", "Promoter", "{BCBF0C35-0340-4307-B0E5-ECF59B496B50}"
EndProject
Project("{FAE04EC0-301F-11D3-BF4B-00C04F79EFBC}") = "Promoter.API", "src\Promoter\Promoter.API\Promoter.API.csproj", "{58F96161-B44C-41C0-BA7B-DE97F2D21372}"
EndProject
Project("{FAE04EC0-301F-11D3-BF4B-00C04F79EFBC}") = "Promoter.Application", "src\Promoter\Promoter.Application\Promoter.Application.csproj", "{C8D81D8C-2CAA-48D4-9ADD-DD4A59FF06D3}"
EndProject
Project("{FAE04EC0-301F-11D3-BF4B-00C04F79EFBC}") = "Promoter.Domain", "src\Promoter\Promoter.Domain\Promoter.Domain.csproj", "{8184EDFB-3647-4367-AF2E-09C8F494CC31}"
EndProject
Project("{FAE04EC0-301F-11D3-BF4B-00C04F79EFBC}") = "Promoter.Infra", "src\Promoter\Promoter.Infra\Promoter.Infra.csproj", "{A112CB30-8A8D-49B0-8182-715B8FF63F1A}"
EndProject
Project("{2150E333-8FDC-42A3-9474-1A3956D46DE8}") = "Promoter.Tests", "Promoter.Tests", "{D0F0F6B0-A421-4A8C-8A42-A9DBF241E589}"
EndProject
Project("{FAE04EC0-301F-11D3-BF4B-00C04F79EFBC}") = "Promoter.Domain.Tests", "src\Promoter\Promoter.Tests\Promoter.Domain.Tests\Promoter.Domain.Tests.csproj", "{D094133C-D738-4318-B91E-074945EABAE1}"
EndProject
Project("{2150E333-8FDC-42A3-9474-1A3956D46DE8}") = "Catalog", "Catalog", "{E0EC5DAA-30A5-4300-AF6A-AD5F5325804B}"
EndProject
Project("{FAE04EC0-301F-11D3-BF4B-00C04F79EFBC}") = "Catalog.API", "src\Catalog\Catalog.API\Catalog.API.csproj", "{9B4A177A-B3B7-4070-8816-9FD24E8D276B}"
EndProject
Project("{FAE04EC0-301F-11D3-BF4B-00C04F79EFBC}") = "Catalog.Application", "src\Catalog\Catalog.Application\Catalog.Application.csproj", "{062BAECF-7B78-4B8C-8CF3-C2AA11851C53}"
EndProject
Project("{FAE04EC0-301F-11D3-BF4B-00C04F79EFBC}") = "Catalog.Domain", "src\Catalog\Catalog.Domain\Catalog.Domain.csproj", "{C2450636-2798-4F11-AEEB-AA97ADB51B95}"
EndProject
Project("{FAE04EC0-301F-11D3-BF4B-00C04F79EFBC}") = "Catalog.Infra", "src\Catalog\Catalog.Infra\Catalog.Infra.csproj", "{5AB9085D-790D-4DA9-99F6-2C638F0A95E4}"
EndProject
Project("{2150E333-8FDC-42A3-9474-1A3956D46DE8}") = "Catalog.Tests", "Catalog.Tests", "{9BE74634-0D93-4C34-B0CB-FDB9702F4D8A}"
EndProject
Project("{FAE04EC0-301F-11D3-BF4B-00C04F79EFBC}") = "Catalog.Domain.Tests", "src\Catalog\Catalog.Tests\Catalog.Domain.Tests\Catalog.Domain.Tests.csproj", "{F677E4DB-C43E-4720-8440-3979591CE482}"
EndProject
Global
	GlobalSection(SolutionConfigurationPlatforms) = preSolution
		Debug|Any CPU = Debug|Any CPU
		Release|Any CPU = Release|Any CPU
	EndGlobalSection
	GlobalSection(SolutionProperties) = preSolution
		HideSolutionNode = FALSE
	EndGlobalSection
	GlobalSection(ProjectConfigurationPlatforms) = postSolution
		{C61CBB8B-5430-417B-BE03-D745A2F7A5E1}.Debug|Any CPU.ActiveCfg = Debug|Any CPU
		{C61CBB8B-5430-417B-BE03-D745A2F7A5E1}.Debug|Any CPU.Build.0 = Debug|Any CPU
		{C61CBB8B-5430-417B-BE03-D745A2F7A5E1}.Release|Any CPU.ActiveCfg = Release|Any CPU
		{C61CBB8B-5430-417B-BE03-D745A2F7A5E1}.Release|Any CPU.Build.0 = Release|Any CPU
		{2528E89C-C6F8-4232-8CAE-281AA38354E1}.Debug|Any CPU.ActiveCfg = Debug|Any CPU
		{2528E89C-C6F8-4232-8CAE-281AA38354E1}.Debug|Any CPU.Build.0 = Debug|Any CPU
		{2528E89C-C6F8-4232-8CAE-281AA38354E1}.Release|Any CPU.ActiveCfg = Release|Any CPU
		{2528E89C-C6F8-4232-8CAE-281AA38354E1}.Release|Any CPU.Build.0 = Release|Any CPU
		{4FCD0902-3000-4AA6-B962-5791AA2C5AC4}.Debug|Any CPU.ActiveCfg = Debug|Any CPU
		{4FCD0902-3000-4AA6-B962-5791AA2C5AC4}.Debug|Any CPU.Build.0 = Debug|Any CPU
		{4FCD0902-3000-4AA6-B962-5791AA2C5AC4}.Release|Any CPU.ActiveCfg = Release|Any CPU
		{4FCD0902-3000-4AA6-B962-5791AA2C5AC4}.Release|Any CPU.Build.0 = Release|Any CPU
		{58F96161-B44C-41C0-BA7B-DE97F2D21372}.Debug|Any CPU.ActiveCfg = Debug|Any CPU
		{58F96161-B44C-41C0-BA7B-DE97F2D21372}.Debug|Any CPU.Build.0 = Debug|Any CPU
		{58F96161-B44C-41C0-BA7B-DE97F2D21372}.Release|Any CPU.ActiveCfg = Release|Any CPU
		{58F96161-B44C-41C0-BA7B-DE97F2D21372}.Release|Any CPU.Build.0 = Release|Any CPU
		{C8D81D8C-2CAA-48D4-9ADD-DD4A59FF06D3}.Debug|Any CPU.ActiveCfg = Debug|Any CPU
		{C8D81D8C-2CAA-48D4-9ADD-DD4A59FF06D3}.Debug|Any CPU.Build.0 = Debug|Any CPU
		{C8D81D8C-2CAA-48D4-9ADD-DD4A59FF06D3}.Release|Any CPU.ActiveCfg = Release|Any CPU
		{C8D81D8C-2CAA-48D4-9ADD-DD4A59FF06D3}.Release|Any CPU.Build.0 = Release|Any CPU
		{8184EDFB-3647-4367-AF2E-09C8F494CC31}.Debug|Any CPU.ActiveCfg = Debug|Any CPU
		{8184EDFB-3647-4367-AF2E-09C8F494CC31}.Debug|Any CPU.Build.0 = Debug|Any CPU
		{8184EDFB-3647-4367-AF2E-09C8F494CC31}.Release|Any CPU.ActiveCfg = Release|Any CPU
		{8184EDFB-3647-4367-AF2E-09C8F494CC31}.Release|Any CPU.Build.0 = Release|Any CPU
		{A112CB30-8A8D-49B0-8182-715B8FF63F1A}.Debug|Any CPU.ActiveCfg = Debug|Any CPU
		{A112CB30-8A8D-49B0-8182-715B8FF63F1A}.Debug|Any CPU.Build.0 = Debug|Any CPU
		{A112CB30-8A8D-49B0-8182-715B8FF63F1A}.Release|Any CPU.ActiveCfg = Release|Any CPU
		{A112CB30-8A8D-49B0-8182-715B8FF63F1A}.Release|Any CPU.Build.0 = Release|Any CPU
		{D094133C-D738-4318-B91E-074945EABAE1}.Debug|Any CPU.ActiveCfg = Debug|Any CPU
		{D094133C-D738-4318-B91E-074945EABAE1}.Debug|Any CPU.Build.0 = Debug|Any CPU
		{D094133C-D738-4318-B91E-074945EABAE1}.Release|Any CPU.ActiveCfg = Release|Any CPU
		{D094133C-D738-4318-B91E-074945EABAE1}.Release|Any CPU.Build.0 = Release|Any CPU
		{9B4A177A-B3B7-4070-8816-9FD24E8D276B}.Debug|Any CPU.ActiveCfg = Debug|Any CPU
		{9B4A177A-B3B7-4070-8816-9FD24E8D276B}.Debug|Any CPU.Build.0 = Debug|Any CPU
		{9B4A177A-B3B7-4070-8816-9FD24E8D276B}.Release|Any CPU.ActiveCfg = Release|Any CPU
		{9B4A177A-B3B7-4070-8816-9FD24E8D276B}.Release|Any CPU.Build.0 = Release|Any CPU
		{062BAECF-7B78-4B8C-8CF3-C2AA11851C53}.Debug|Any CPU.ActiveCfg = Debug|Any CPU
		{062BAECF-7B78-4B8C-8CF3-C2AA11851C53}.Debug|Any CPU.Build.0 = Debug|Any CPU
		{062BAECF-7B78-4B8C-8CF3-C2AA11851C53}.Release|Any CPU.ActiveCfg = Release|Any CPU
		{062BAECF-7B78-4B8C-8CF3-C2AA11851C53}.Release|Any CPU.Build.0 = Release|Any CPU
		{C2450636-2798-4F11-AEEB-AA97ADB51B95}.Debug|Any CPU.ActiveCfg = Debug|Any CPU
		{C2450636-2798-4F11-AEEB-AA97ADB51B95}.Debug|Any CPU.Build.0 = Debug|Any CPU
		{C2450636-2798-4F11-AEEB-AA97ADB51B95}.Release|Any CPU.ActiveCfg = Release|Any CPU
		{C2450636-2798-4F11-AEEB-AA97ADB51B95}.Release|Any CPU.Build.0 = Release|Any CPU
		{5AB9085D-790D-4DA9-99F6-2C638F0A95E4}.Debug|Any CPU.ActiveCfg = Debug|Any CPU
		{5AB9085D-790D-4DA9-99F6-2C638F0A95E4}.Debug|Any CPU.Build.0 = Debug|Any CPU
		{5AB9085D-790D-4DA9-99F6-2C638F0A95E4}.Release|Any CPU.ActiveCfg = Release|Any CPU
		{5AB9085D-790D-4DA9-99F6-2C638F0A95E4}.Release|Any CPU.Build.0 = Release|Any CPU
		{F677E4DB-C43E-4720-8440-3979591CE482}.Debug|Any CPU.ActiveCfg = Debug|Any CPU
		{F677E4DB-C43E-4720-8440-3979591CE482}.Debug|Any CPU.Build.0 = Debug|Any CPU
		{F677E4DB-C43E-4720-8440-3979591CE482}.Release|Any CPU.ActiveCfg = Release|Any CPU
		{F677E4DB-C43E-4720-8440-3979591CE482}.Release|Any CPU.Build.0 = Release|Any CPU
	EndGlobalSection
	GlobalSection(NestedProjects) = preSolution
		{05998220-291F-4078-B2D0-E2CE85877213} = {7FA898A0-1B53-4A38-B6CC-82059A83E04E}
		{C61CBB8B-5430-417B-BE03-D745A2F7A5E1} = {05998220-291F-4078-B2D0-E2CE85877213}
		{2528E89C-C6F8-4232-8CAE-281AA38354E1} = {05998220-291F-4078-B2D0-E2CE85877213}
		{4FCD0902-3000-4AA6-B962-5791AA2C5AC4} = {05998220-291F-4078-B2D0-E2CE85877213}
		{BCBF0C35-0340-4307-B0E5-ECF59B496B50} = {7FA898A0-1B53-4A38-B6CC-82059A83E04E}
		{58F96161-B44C-41C0-BA7B-DE97F2D21372} = {BCBF0C35-0340-4307-B0E5-ECF59B496B50}
		{C8D81D8C-2CAA-48D4-9ADD-DD4A59FF06D3} = {BCBF0C35-0340-4307-B0E5-ECF59B496B50}
		{8184EDFB-3647-4367-AF2E-09C8F494CC31} = {BCBF0C35-0340-4307-B0E5-ECF59B496B50}
		{A112CB30-8A8D-49B0-8182-715B8FF63F1A} = {BCBF0C35-0340-4307-B0E5-ECF59B496B50}
		{D0F0F6B0-A421-4A8C-8A42-A9DBF241E589} = {BCBF0C35-0340-4307-B0E5-ECF59B496B50}
		{D094133C-D738-4318-B91E-074945EABAE1} = {D0F0F6B0-A421-4A8C-8A42-A9DBF241E589}
		{E0EC5DAA-30A5-4300-AF6A-AD5F5325804B} = {7FA898A0-1B53-4A38-B6CC-82059A83E04E}
		{9B4A177A-B3B7-4070-8816-9FD24E8D276B} = {E0EC5DAA-30A5-4300-AF6A-AD5F5325804B}
		{062BAECF-7B78-4B8C-8CF3-C2AA11851C53} = {E0EC5DAA-30A5-4300-AF6A-AD5F5325804B}
		{C2450636-2798-4F11-AEEB-AA97ADB51B95} = {E0EC5DAA-30A5-4300-AF6A-AD5F5325804B}
		{5AB9085D-790D-4DA9-99F6-2C638F0A95E4} = {E0EC5DAA-30A5-4300-AF6A-AD5F5325804B}
		{9BE74634-0D93-4C34-B0CB-FDB9702F4D8A} = {E0EC5DAA-30A5-4300-AF6A-AD5F5325804B}
		{F677E4DB-C43E-4720-8440-3979591CE482} = {9BE74634-0D93-4C34-B0CB-FDB9702F4D8A}
	EndGlobalSection
EndGlobal
